// !$*UTF8*$!
{
	archiveVersion = 1;
	classes = {
	};
	objectVersion = 50;
	objects = {

/* Begin PBXBuildFile section */
		C235281525BE5AA6007B4C19 /* AppDelegate.swift in Sources */ = {isa = PBXBuildFile; fileRef = C235281425BE5AA6007B4C19 /* AppDelegate.swift */; };
		C235281725BE5AA6007B4C19 /* SceneDelegate.swift in Sources */ = {isa = PBXBuildFile; fileRef = C235281625BE5AA6007B4C19 /* SceneDelegate.swift */; };
		C235281C25BE5AA6007B4C19 /* Main.storyboard in Resources */ = {isa = PBXBuildFile; fileRef = C235281A25BE5AA6007B4C19 /* Main.storyboard */; };
		C235281E25BE5AA6007B4C19 /* Assets.xcassets in Resources */ = {isa = PBXBuildFile; fileRef = C235281D25BE5AA6007B4C19 /* Assets.xcassets */; };
		C235282125BE5AA6007B4C19 /* LaunchScreen.storyboard in Resources */ = {isa = PBXBuildFile; fileRef = C235281F25BE5AA6007B4C19 /* LaunchScreen.storyboard */; };
		C235282C25BE5AA7007B4C19 /* TVAppTests.swift in Sources */ = {isa = PBXBuildFile; fileRef = C235282B25BE5AA7007B4C19 /* TVAppTests.swift */; };
		C235283725BE5AA7007B4C19 /* TVAppUITests.swift in Sources */ = {isa = PBXBuildFile; fileRef = C235283625BE5AA7007B4C19 /* TVAppUITests.swift */; };
		C277C5B925BFD4CE00ADD2EC /* HomeViewModel.swift in Sources */ = {isa = PBXBuildFile; fileRef = C277C5B825BFD4CE00ADD2EC /* HomeViewModel.swift */; };
		C277C5CB25BFDBD000ADD2EC /* Colors.xcassets in Resources */ = {isa = PBXBuildFile; fileRef = C277C5CA25BFDBD000ADD2EC /* Colors.xcassets */; };
		C277C76B25C40EC600ADD2EC /* StarViewModel.swift in Sources */ = {isa = PBXBuildFile; fileRef = C277C76A25C40EC600ADD2EC /* StarViewModel.swift */; };
		C277C77025C40ECE00ADD2EC /* StarViewController.swift in Sources */ = {isa = PBXBuildFile; fileRef = C277C76F25C40ECE00ADD2EC /* StarViewController.swift */; };
		C277C77725C40EE000ADD2EC /* ItemCollectionViewCell.swift in Sources */ = {isa = PBXBuildFile; fileRef = C277C77425C40EDF00ADD2EC /* ItemCollectionViewCell.swift */; };
		C277C77825C40EE000ADD2EC /* ItemCollectionView.swift in Sources */ = {isa = PBXBuildFile; fileRef = C277C77525C40EDF00ADD2EC /* ItemCollectionView.swift */; };
		C277C77925C40EE000ADD2EC /* ViewController.swift in Sources */ = {isa = PBXBuildFile; fileRef = C277C77625C40EDF00ADD2EC /* ViewController.swift */; };
		C277C78625C40EF500ADD2EC /* DiffType.swift in Sources */ = {isa = PBXBuildFile; fileRef = C277C78425C40EF500ADD2EC /* DiffType.swift */; };
		C277C78725C40EF500ADD2EC /* DataType.swift in Sources */ = {isa = PBXBuildFile; fileRef = C277C78525C40EF500ADD2EC /* DataType.swift */; };
		C277C78E25C40EFC00ADD2EC /* DBRepository.swift in Sources */ = {isa = PBXBuildFile; fileRef = C277C78C25C40EFC00ADD2EC /* DBRepository.swift */; };
		C277C78F25C40EFC00ADD2EC /* Star.swift in Sources */ = {isa = PBXBuildFile; fileRef = C277C78D25C40EFC00ADD2EC /* Star.swift */; };
		C277C79525C40F0100ADD2EC /* UIColor+.swift in Sources */ = {isa = PBXBuildFile; fileRef = C277C79425C40F0100ADD2EC /* UIColor+.swift */; };
		C277C79B25C40F1000ADD2EC /* JsonDecoder.swift in Sources */ = {isa = PBXBuildFile; fileRef = C277C79925C40F1000ADD2EC /* JsonDecoder.swift */; };
		C277C79C25C40F1000ADD2EC /* TimeConverter.swift in Sources */ = {isa = PBXBuildFile; fileRef = C277C79A25C40F1000ADD2EC /* TimeConverter.swift */; };
/* End PBXBuildFile section */

/* Begin PBXContainerItemProxy section */
		C235282825BE5AA7007B4C19 /* PBXContainerItemProxy */ = {
			isa = PBXContainerItemProxy;
			containerPortal = C235280925BE5AA6007B4C19 /* Project object */;
			proxyType = 1;
			remoteGlobalIDString = C235281025BE5AA6007B4C19;
			remoteInfo = TVApp;
		};
		C235283325BE5AA7007B4C19 /* PBXContainerItemProxy */ = {
			isa = PBXContainerItemProxy;
			containerPortal = C235280925BE5AA6007B4C19 /* Project object */;
			proxyType = 1;
			remoteGlobalIDString = C235281025BE5AA6007B4C19;
			remoteInfo = TVApp;
		};
/* End PBXContainerItemProxy section */

/* Begin PBXFileReference section */
		C235281125BE5AA6007B4C19 /* TVApp.app */ = {isa = PBXFileReference; explicitFileType = wrapper.application; includeInIndex = 0; path = TVApp.app; sourceTree = BUILT_PRODUCTS_DIR; };
		C235281425BE5AA6007B4C19 /* AppDelegate.swift */ = {isa = PBXFileReference; lastKnownFileType = sourcecode.swift; path = AppDelegate.swift; sourceTree = "<group>"; };
		C235281625BE5AA6007B4C19 /* SceneDelegate.swift */ = {isa = PBXFileReference; lastKnownFileType = sourcecode.swift; path = SceneDelegate.swift; sourceTree = "<group>"; };
		C235281B25BE5AA6007B4C19 /* Base */ = {isa = PBXFileReference; lastKnownFileType = file.storyboard; name = Base; path = Base.lproj/Main.storyboard; sourceTree = "<group>"; };
		C235281D25BE5AA6007B4C19 /* Assets.xcassets */ = {isa = PBXFileReference; lastKnownFileType = folder.assetcatalog; path = Assets.xcassets; sourceTree = "<group>"; };
		C235282025BE5AA6007B4C19 /* Base */ = {isa = PBXFileReference; lastKnownFileType = file.storyboard; name = Base; path = Base.lproj/LaunchScreen.storyboard; sourceTree = "<group>"; };
		C235282225BE5AA6007B4C19 /* Info.plist */ = {isa = PBXFileReference; lastKnownFileType = text.plist.xml; path = Info.plist; sourceTree = "<group>"; };
		C235282725BE5AA7007B4C19 /* TVAppTests.xctest */ = {isa = PBXFileReference; explicitFileType = wrapper.cfbundle; includeInIndex = 0; path = TVAppTests.xctest; sourceTree = BUILT_PRODUCTS_DIR; };
		C235282B25BE5AA7007B4C19 /* TVAppTests.swift */ = {isa = PBXFileReference; lastKnownFileType = sourcecode.swift; path = TVAppTests.swift; sourceTree = "<group>"; };
		C235282D25BE5AA7007B4C19 /* Info.plist */ = {isa = PBXFileReference; lastKnownFileType = text.plist.xml; path = Info.plist; sourceTree = "<group>"; };
		C235283225BE5AA7007B4C19 /* TVAppUITests.xctest */ = {isa = PBXFileReference; explicitFileType = wrapper.cfbundle; includeInIndex = 0; path = TVAppUITests.xctest; sourceTree = BUILT_PRODUCTS_DIR; };
		C235283625BE5AA7007B4C19 /* TVAppUITests.swift */ = {isa = PBXFileReference; lastKnownFileType = sourcecode.swift; path = TVAppUITests.swift; sourceTree = "<group>"; };
		C235283825BE5AA7007B4C19 /* Info.plist */ = {isa = PBXFileReference; lastKnownFileType = text.plist.xml; path = Info.plist; sourceTree = "<group>"; };
		C277C5B825BFD4CE00ADD2EC /* HomeViewModel.swift */ = {isa = PBXFileReference; lastKnownFileType = sourcecode.swift; path = HomeViewModel.swift; sourceTree = "<group>"; };
		C277C5CA25BFDBD000ADD2EC /* Colors.xcassets */ = {isa = PBXFileReference; lastKnownFileType = folder.assetcatalog; path = Colors.xcassets; sourceTree = "<group>"; };
		C277C76A25C40EC600ADD2EC /* StarViewModel.swift */ = {isa = PBXFileReference; fileEncoding = 4; lastKnownFileType = sourcecode.swift; name = StarViewModel.swift; path = "../../../../../../.Trash/ViewModel 18-36-37-631/StarViewModel.swift"; sourceTree = "<group>"; };
		C277C76F25C40ECE00ADD2EC /* StarViewController.swift */ = {isa = PBXFileReference; fileEncoding = 4; lastKnownFileType = sourcecode.swift; name = StarViewController.swift; path = "../../../../../swift-w4-tv 2/TVApp/TVApp/View/Star/StarViewController.swift"; sourceTree = "<group>"; };
		C277C77425C40EDF00ADD2EC /* ItemCollectionViewCell.swift */ = {isa = PBXFileReference; fileEncoding = 4; lastKnownFileType = sourcecode.swift; name = ItemCollectionViewCell.swift; path = "../../../../../../swift-w4-tv 2/TVApp/TVApp/View/Home/ItemCollectionViewCell.swift"; sourceTree = "<group>"; };
		C277C77525C40EDF00ADD2EC /* ItemCollectionView.swift */ = {isa = PBXFileReference; fileEncoding = 4; lastKnownFileType = sourcecode.swift; name = ItemCollectionView.swift; path = "../../../../../../swift-w4-tv 2/TVApp/TVApp/View/Home/ItemCollectionView.swift"; sourceTree = "<group>"; };
		C277C77625C40EDF00ADD2EC /* ViewController.swift */ = {isa = PBXFileReference; fileEncoding = 4; lastKnownFileType = sourcecode.swift; name = ViewController.swift; path = "../../../../../../swift-w4-tv 2/TVApp/TVApp/View/Home/ViewController.swift"; sourceTree = "<group>"; };
		C277C78425C40EF500ADD2EC /* DiffType.swift */ = {isa = PBXFileReference; fileEncoding = 4; lastKnownFileType = sourcecode.swift; path = DiffType.swift; sourceTree = "<group>"; };
		C277C78525C40EF500ADD2EC /* DataType.swift */ = {isa = PBXFileReference; fileEncoding = 4; lastKnownFileType = sourcecode.swift; path = DataType.swift; sourceTree = "<group>"; };
		C277C78C25C40EFC00ADD2EC /* DBRepository.swift */ = {isa = PBXFileReference; fileEncoding = 4; lastKnownFileType = sourcecode.swift; path = DBRepository.swift; sourceTree = "<group>"; };
		C277C78D25C40EFC00ADD2EC /* Star.swift */ = {isa = PBXFileReference; fileEncoding = 4; lastKnownFileType = sourcecode.swift; path = Star.swift; sourceTree = "<group>"; };
		C277C79425C40F0100ADD2EC /* UIColor+.swift */ = {isa = PBXFileReference; fileEncoding = 4; lastKnownFileType = sourcecode.swift; path = "UIColor+.swift"; sourceTree = "<group>"; };
		C277C79925C40F1000ADD2EC /* JsonDecoder.swift */ = {isa = PBXFileReference; fileEncoding = 4; lastKnownFileType = sourcecode.swift; name = JsonDecoder.swift; path = "../../../../swift-w4-tv 2/TVApp/TVApp/Services/JsonDecoder.swift"; sourceTree = "<group>"; };
		C277C79A25C40F1000ADD2EC /* TimeConverter.swift */ = {isa = PBXFileReference; fileEncoding = 4; lastKnownFileType = sourcecode.swift; name = TimeConverter.swift; path = "../../../../swift-w4-tv 2/TVApp/TVApp/Services/TimeConverter.swift"; sourceTree = "<group>"; };
/* End PBXFileReference section */

/* Begin PBXFrameworksBuildPhase section */
		C235280E25BE5AA6007B4C19 /* Frameworks */ = {
			isa = PBXFrameworksBuildPhase;
			buildActionMask = 2147483647;
			files = (
			);
			runOnlyForDeploymentPostprocessing = 0;
		};
		C235282425BE5AA7007B4C19 /* Frameworks */ = {
			isa = PBXFrameworksBuildPhase;
			buildActionMask = 2147483647;
			files = (
			);
			runOnlyForDeploymentPostprocessing = 0;
		};
		C235282F25BE5AA7007B4C19 /* Frameworks */ = {
			isa = PBXFrameworksBuildPhase;
			buildActionMask = 2147483647;
			files = (
			);
			runOnlyForDeploymentPostprocessing = 0;
		};
/* End PBXFrameworksBuildPhase section */

/* Begin PBXGroup section */
		C235280825BE5AA6007B4C19 = {
			isa = PBXGroup;
			children = (
				C235281325BE5AA6007B4C19 /* TVApp */,
				C235282A25BE5AA7007B4C19 /* TVAppTests */,
				C235283525BE5AA7007B4C19 /* TVAppUITests */,
				C235281225BE5AA6007B4C19 /* Products */,
			);
			sourceTree = "<group>";
		};
		C235281225BE5AA6007B4C19 /* Products */ = {
			isa = PBXGroup;
			children = (
				C235281125BE5AA6007B4C19 /* TVApp.app */,
				C235282725BE5AA7007B4C19 /* TVAppTests.xctest */,
				C235283225BE5AA7007B4C19 /* TVAppUITests.xctest */,
			);
			name = Products;
			sourceTree = "<group>";
		};
		C235281325BE5AA6007B4C19 /* TVApp */ = {
			isa = PBXGroup;
			children = (
				C277C79325C40F0000ADD2EC /* Extension */,
				C277C78B25C40EFC00ADD2EC /* Data */,
				C277C76025C40E8D00ADD2EC /* View */,
				C277C5C025BFD6A100ADD2EC /* Protocols */,
				C277C5B125BFD4AB00ADD2EC /* Services */,
				C277C59E25BFD45500ADD2EC /* Model */,
				C235281425BE5AA6007B4C19 /* AppDelegate.swift */,
				C235281625BE5AA6007B4C19 /* SceneDelegate.swift */,
				C235281A25BE5AA6007B4C19 /* Main.storyboard */,
				C235281D25BE5AA6007B4C19 /* Assets.xcassets */,
				C235281F25BE5AA6007B4C19 /* LaunchScreen.storyboard */,
				C235282225BE5AA6007B4C19 /* Info.plist */,
				C277C5CA25BFDBD000ADD2EC /* Colors.xcassets */,
			);
			path = TVApp;
			sourceTree = "<group>";
		};
		C235282A25BE5AA7007B4C19 /* TVAppTests */ = {
			isa = PBXGroup;
			children = (
				C235282B25BE5AA7007B4C19 /* TVAppTests.swift */,
				C235282D25BE5AA7007B4C19 /* Info.plist */,
			);
			path = TVAppTests;
			sourceTree = "<group>";
		};
		C235283525BE5AA7007B4C19 /* TVAppUITests */ = {
			isa = PBXGroup;
			children = (
				C235283625BE5AA7007B4C19 /* TVAppUITests.swift */,
				C235283825BE5AA7007B4C19 /* Info.plist */,
			);
			path = TVAppUITests;
			sourceTree = "<group>";
		};
		C277C59E25BFD45500ADD2EC /* Model */ = {
			isa = PBXGroup;
			children = (
			);
			path = Model;
			sourceTree = "<group>";
		};
		C277C5B125BFD4AB00ADD2EC /* Services */ = {
			isa = PBXGroup;
			children = (
				C277C79925C40F1000ADD2EC /* JsonDecoder.swift */,
				C277C79A25C40F1000ADD2EC /* TimeConverter.swift */,
			);
			path = Services;
			sourceTree = "<group>";
		};
		C277C5C025BFD6A100ADD2EC /* Protocols */ = {
			isa = PBXGroup;
			children = (
			);
			path = Protocols;
			sourceTree = "<group>";
		};
		C277C5D425BFEBB900ADD2EC /* Home */ = {
			isa = PBXGroup;
			children = (
				C277C78325C40EF500ADD2EC /* Model */,
				C277C5D625BFEBC600ADD2EC /* View */,
				C277C5D525BFEBC100ADD2EC /* ViewModel */,
			);
			path = Home;
			sourceTree = "<group>";
		};
		C277C5D525BFEBC100ADD2EC /* ViewModel */ = {
			isa = PBXGroup;
			children = (
				C277C5B825BFD4CE00ADD2EC /* HomeViewModel.swift */,
			);
			path = ViewModel;
			sourceTree = "<group>";
		};
		C277C5D625BFEBC600ADD2EC /* View */ = {
			isa = PBXGroup;
			children = (
				C277C77525C40EDF00ADD2EC /* ItemCollectionView.swift */,
				C277C77425C40EDF00ADD2EC /* ItemCollectionViewCell.swift */,
				C277C77625C40EDF00ADD2EC /* ViewController.swift */,
			);
			path = View;
			sourceTree = "<group>";
		};
		C277C76025C40E8D00ADD2EC /* View */ = {
			isa = PBXGroup;
			children = (
				C277C76125C40E9600ADD2EC /* Star */,
				C277C5D425BFEBB900ADD2EC /* Home */,
			);
			path = View;
			sourceTree = "<group>";
		};
		C277C76125C40E9600ADD2EC /* Star */ = {
			isa = PBXGroup;
			children = (
				C277C76F25C40ECE00ADD2EC /* StarViewController.swift */,
				C277C76A25C40EC600ADD2EC /* StarViewModel.swift */,
			);
			path = Star;
			sourceTree = "<group>";
		};
		C277C78325C40EF500ADD2EC /* Model */ = {
			isa = PBXGroup;
			children = (
				C277C78425C40EF500ADD2EC /* DiffType.swift */,
				C277C78525C40EF500ADD2EC /* DataType.swift */,
			);
			name = Model;
			path = "../../../../../swift-w4-tv 2/TVApp/TVApp/View/Home/Model";
			sourceTree = "<group>";
		};
		C277C78B25C40EFC00ADD2EC /* Data */ = {
			isa = PBXGroup;
			children = (
				C277C78C25C40EFC00ADD2EC /* DBRepository.swift */,
				C277C78D25C40EFC00ADD2EC /* Star.swift */,
			);
			name = Data;
			path = "../../../swift-w4-tv 2/TVApp/TVApp/Data";
			sourceTree = "<group>";
		};
		C277C79325C40F0000ADD2EC /* Extension */ = {
			isa = PBXGroup;
			children = (
				C277C79425C40F0100ADD2EC /* UIColor+.swift */,
			);
			name = Extension;
			path = "../../../swift-w4-tv 2/TVApp/TVApp/Extension";
			sourceTree = "<group>";
		};
/* End PBXGroup section */

/* Begin PBXNativeTarget section */
		C235281025BE5AA6007B4C19 /* TVApp */ = {
			isa = PBXNativeTarget;
			buildConfigurationList = C235283B25BE5AA7007B4C19 /* Build configuration list for PBXNativeTarget "TVApp" */;
			buildPhases = (
				C235280D25BE5AA6007B4C19 /* Sources */,
				C235280E25BE5AA6007B4C19 /* Frameworks */,
				C235280F25BE5AA6007B4C19 /* Resources */,
			);
			buildRules = (
			);
			dependencies = (
			);
			name = TVApp;
			productName = TVApp;
			productReference = C235281125BE5AA6007B4C19 /* TVApp.app */;
			productType = "com.apple.product-type.application";
		};
		C235282625BE5AA7007B4C19 /* TVAppTests */ = {
			isa = PBXNativeTarget;
			buildConfigurationList = C235283E25BE5AA7007B4C19 /* Build configuration list for PBXNativeTarget "TVAppTests" */;
			buildPhases = (
				C235282325BE5AA7007B4C19 /* Sources */,
				C235282425BE5AA7007B4C19 /* Frameworks */,
				C235282525BE5AA7007B4C19 /* Resources */,
			);
			buildRules = (
			);
			dependencies = (
				C235282925BE5AA7007B4C19 /* PBXTargetDependency */,
			);
			name = TVAppTests;
			productName = TVAppTests;
			productReference = C235282725BE5AA7007B4C19 /* TVAppTests.xctest */;
			productType = "com.apple.product-type.bundle.unit-test";
		};
		C235283125BE5AA7007B4C19 /* TVAppUITests */ = {
			isa = PBXNativeTarget;
			buildConfigurationList = C235284125BE5AA7007B4C19 /* Build configuration list for PBXNativeTarget "TVAppUITests" */;
			buildPhases = (
				C235282E25BE5AA7007B4C19 /* Sources */,
				C235282F25BE5AA7007B4C19 /* Frameworks */,
				C235283025BE5AA7007B4C19 /* Resources */,
			);
			buildRules = (
			);
			dependencies = (
				C235283425BE5AA7007B4C19 /* PBXTargetDependency */,
			);
			name = TVAppUITests;
			productName = TVAppUITests;
			productReference = C235283225BE5AA7007B4C19 /* TVAppUITests.xctest */;
			productType = "com.apple.product-type.bundle.ui-testing";
		};
/* End PBXNativeTarget section */

/* Begin PBXProject section */
		C235280925BE5AA6007B4C19 /* Project object */ = {
			isa = PBXProject;
			attributes = {
				LastSwiftUpdateCheck = 1230;
				LastUpgradeCheck = 1230;
				TargetAttributes = {
					C235281025BE5AA6007B4C19 = {
						CreatedOnToolsVersion = 12.3;
					};
					C235282625BE5AA7007B4C19 = {
						CreatedOnToolsVersion = 12.3;
						TestTargetID = C235281025BE5AA6007B4C19;
					};
					C235283125BE5AA7007B4C19 = {
						CreatedOnToolsVersion = 12.3;
						TestTargetID = C235281025BE5AA6007B4C19;
					};
				};
			};
			buildConfigurationList = C235280C25BE5AA6007B4C19 /* Build configuration list for PBXProject "TVApp" */;
			compatibilityVersion = "Xcode 9.3";
			developmentRegion = en;
			hasScannedForEncodings = 0;
			knownRegions = (
				en,
				Base,
			);
			mainGroup = C235280825BE5AA6007B4C19;
			productRefGroup = C235281225BE5AA6007B4C19 /* Products */;
			projectDirPath = "";
			projectRoot = "";
			targets = (
				C235281025BE5AA6007B4C19 /* TVApp */,
				C235282625BE5AA7007B4C19 /* TVAppTests */,
				C235283125BE5AA7007B4C19 /* TVAppUITests */,
			);
		};
/* End PBXProject section */

/* Begin PBXResourcesBuildPhase section */
		C235280F25BE5AA6007B4C19 /* Resources */ = {
			isa = PBXResourcesBuildPhase;
			buildActionMask = 2147483647;
			files = (
				C235282125BE5AA6007B4C19 /* LaunchScreen.storyboard in Resources */,
				C277C5CB25BFDBD000ADD2EC /* Colors.xcassets in Resources */,
				C235281E25BE5AA6007B4C19 /* Assets.xcassets in Resources */,
				C235281C25BE5AA6007B4C19 /* Main.storyboard in Resources */,
			);
			runOnlyForDeploymentPostprocessing = 0;
		};
		C235282525BE5AA7007B4C19 /* Resources */ = {
			isa = PBXResourcesBuildPhase;
			buildActionMask = 2147483647;
			files = (
			);
			runOnlyForDeploymentPostprocessing = 0;
		};
		C235283025BE5AA7007B4C19 /* Resources */ = {
			isa = PBXResourcesBuildPhase;
			buildActionMask = 2147483647;
			files = (
			);
			runOnlyForDeploymentPostprocessing = 0;
		};
/* End PBXResourcesBuildPhase section */

/* Begin PBXSourcesBuildPhase section */
		C235280D25BE5AA6007B4C19 /* Sources */ = {
			isa = PBXSourcesBuildPhase;
			buildActionMask = 2147483647;
			files = (
				C277C77025C40ECE00ADD2EC /* StarViewController.swift in Sources */,
				C277C77825C40EE000ADD2EC /* ItemCollectionView.swift in Sources */,
				C277C79B25C40F1000ADD2EC /* JsonDecoder.swift in Sources */,
				C277C78625C40EF500ADD2EC /* DiffType.swift in Sources */,
				C277C77925C40EE000ADD2EC /* ViewController.swift in Sources */,
				C277C78E25C40EFC00ADD2EC /* DBRepository.swift in Sources */,
				C277C5B925BFD4CE00ADD2EC /* HomeViewModel.swift in Sources */,
				C277C79525C40F0100ADD2EC /* UIColor+.swift in Sources */,
				C277C76B25C40EC600ADD2EC /* StarViewModel.swift in Sources */,
				C235281525BE5AA6007B4C19 /* AppDelegate.swift in Sources */,
				C277C77725C40EE000ADD2EC /* ItemCollectionViewCell.swift in Sources */,
				C277C79C25C40F1000ADD2EC /* TimeConverter.swift in Sources */,
				C235281725BE5AA6007B4C19 /* SceneDelegate.swift in Sources */,
				C277C78725C40EF500ADD2EC /* DataType.swift in Sources */,
				C277C78F25C40EFC00ADD2EC /* Star.swift in Sources */,
			);
			runOnlyForDeploymentPostprocessing = 0;
		};
		C235282325BE5AA7007B4C19 /* Sources */ = {
			isa = PBXSourcesBuildPhase;
			buildActionMask = 2147483647;
			files = (
				C235282C25BE5AA7007B4C19 /* TVAppTests.swift in Sources */,
			);
			runOnlyForDeploymentPostprocessing = 0;
		};
		C235282E25BE5AA7007B4C19 /* Sources */ = {
			isa = PBXSourcesBuildPhase;
			buildActionMask = 2147483647;
			files = (
				C235283725BE5AA7007B4C19 /* TVAppUITests.swift in Sources */,
			);
			runOnlyForDeploymentPostprocessing = 0;
		};
/* End PBXSourcesBuildPhase section */

/* Begin PBXTargetDependency section */
		C235282925BE5AA7007B4C19 /* PBXTargetDependency */ = {
			isa = PBXTargetDependency;
			target = C235281025BE5AA6007B4C19 /* TVApp */;
			targetProxy = C235282825BE5AA7007B4C19 /* PBXContainerItemProxy */;
		};
		C235283425BE5AA7007B4C19 /* PBXTargetDependency */ = {
			isa = PBXTargetDependency;
			target = C235281025BE5AA6007B4C19 /* TVApp */;
			targetProxy = C235283325BE5AA7007B4C19 /* PBXContainerItemProxy */;
		};
/* End PBXTargetDependency section */

/* Begin PBXVariantGroup section */
		C235281A25BE5AA6007B4C19 /* Main.storyboard */ = {
			isa = PBXVariantGroup;
			children = (
				C235281B25BE5AA6007B4C19 /* Base */,
			);
			name = Main.storyboard;
			sourceTree = "<group>";
		};
		C235281F25BE5AA6007B4C19 /* LaunchScreen.storyboard */ = {
			isa = PBXVariantGroup;
			children = (
				C235282025BE5AA6007B4C19 /* Base */,
			);
			name = LaunchScreen.storyboard;
			sourceTree = "<group>";
		};
/* End PBXVariantGroup section */

/* Begin XCBuildConfiguration section */
		C235283925BE5AA7007B4C19 /* Debug */ = {
			isa = XCBuildConfiguration;
			buildSettings = {
				ALWAYS_SEARCH_USER_PATHS = NO;
				CLANG_ANALYZER_NONNULL = YES;
				CLANG_ANALYZER_NUMBER_OBJECT_CONVERSION = YES_AGGRESSIVE;
				CLANG_CXX_LANGUAGE_STANDARD = "gnu++14";
				CLANG_CXX_LIBRARY = "libc++";
				CLANG_ENABLE_MODULES = YES;
				CLANG_ENABLE_OBJC_ARC = YES;
				CLANG_ENABLE_OBJC_WEAK = YES;
				CLANG_WARN_BLOCK_CAPTURE_AUTORELEASING = YES;
				CLANG_WARN_BOOL_CONVERSION = YES;
				CLANG_WARN_COMMA = YES;
				CLANG_WARN_CONSTANT_CONVERSION = YES;
				CLANG_WARN_DEPRECATED_OBJC_IMPLEMENTATIONS = YES;
				CLANG_WARN_DIRECT_OBJC_ISA_USAGE = YES_ERROR;
				CLANG_WARN_DOCUMENTATION_COMMENTS = YES;
				CLANG_WARN_EMPTY_BODY = YES;
				CLANG_WARN_ENUM_CONVERSION = YES;
				CLANG_WARN_INFINITE_RECURSION = YES;
				CLANG_WARN_INT_CONVERSION = YES;
				CLANG_WARN_NON_LITERAL_NULL_CONVERSION = YES;
				CLANG_WARN_OBJC_IMPLICIT_RETAIN_SELF = YES;
				CLANG_WARN_OBJC_LITERAL_CONVERSION = YES;
				CLANG_WARN_OBJC_ROOT_CLASS = YES_ERROR;
				CLANG_WARN_QUOTED_INCLUDE_IN_FRAMEWORK_HEADER = YES;
				CLANG_WARN_RANGE_LOOP_ANALYSIS = YES;
				CLANG_WARN_STRICT_PROTOTYPES = YES;
				CLANG_WARN_SUSPICIOUS_MOVE = YES;
				CLANG_WARN_UNGUARDED_AVAILABILITY = YES_AGGRESSIVE;
				CLANG_WARN_UNREACHABLE_CODE = YES;
				CLANG_WARN__DUPLICATE_METHOD_MATCH = YES;
				COPY_PHASE_STRIP = NO;
				DEBUG_INFORMATION_FORMAT = dwarf;
				ENABLE_STRICT_OBJC_MSGSEND = YES;
				ENABLE_TESTABILITY = YES;
				GCC_C_LANGUAGE_STANDARD = gnu11;
				GCC_DYNAMIC_NO_PIC = NO;
				GCC_NO_COMMON_BLOCKS = YES;
				GCC_OPTIMIZATION_LEVEL = 0;
				GCC_PREPROCESSOR_DEFINITIONS = (
					"DEBUG=1",
					"$(inherited)",
				);
				GCC_WARN_64_TO_32_BIT_CONVERSION = YES;
				GCC_WARN_ABOUT_RETURN_TYPE = YES_ERROR;
				GCC_WARN_UNDECLARED_SELECTOR = YES;
				GCC_WARN_UNINITIALIZED_AUTOS = YES_AGGRESSIVE;
				GCC_WARN_UNUSED_FUNCTION = YES;
				GCC_WARN_UNUSED_VARIABLE = YES;
				IPHONEOS_DEPLOYMENT_TARGET = 14.3;
				MTL_ENABLE_DEBUG_INFO = INCLUDE_SOURCE;
				MTL_FAST_MATH = YES;
				ONLY_ACTIVE_ARCH = YES;
				SDKROOT = iphoneos;
				SWIFT_ACTIVE_COMPILATION_CONDITIONS = DEBUG;
				SWIFT_OPTIMIZATION_LEVEL = "-Onone";
			};
			name = Debug;
		};
		C235283A25BE5AA7007B4C19 /* Release */ = {
			isa = XCBuildConfiguration;
			buildSettings = {
				ALWAYS_SEARCH_USER_PATHS = NO;
				CLANG_ANALYZER_NONNULL = YES;
				CLANG_ANALYZER_NUMBER_OBJECT_CONVERSION = YES_AGGRESSIVE;
				CLANG_CXX_LANGUAGE_STANDARD = "gnu++14";
				CLANG_CXX_LIBRARY = "libc++";
				CLANG_ENABLE_MODULES = YES;
				CLANG_ENABLE_OBJC_ARC = YES;
				CLANG_ENABLE_OBJC_WEAK = YES;
				CLANG_WARN_BLOCK_CAPTURE_AUTORELEASING = YES;
				CLANG_WARN_BOOL_CONVERSION = YES;
				CLANG_WARN_COMMA = YES;
				CLANG_WARN_CONSTANT_CONVERSION = YES;
				CLANG_WARN_DEPRECATED_OBJC_IMPLEMENTATIONS = YES;
				CLANG_WARN_DIRECT_OBJC_ISA_USAGE = YES_ERROR;
				CLANG_WARN_DOCUMENTATION_COMMENTS = YES;
				CLANG_WARN_EMPTY_BODY = YES;
				CLANG_WARN_ENUM_CONVERSION = YES;
				CLANG_WARN_INFINITE_RECURSION = YES;
				CLANG_WARN_INT_CONVERSION = YES;
				CLANG_WARN_NON_LITERAL_NULL_CONVERSION = YES;
				CLANG_WARN_OBJC_IMPLICIT_RETAIN_SELF = YES;
				CLANG_WARN_OBJC_LITERAL_CONVERSION = YES;
				CLANG_WARN_OBJC_ROOT_CLASS = YES_ERROR;
				CLANG_WARN_QUOTED_INCLUDE_IN_FRAMEWORK_HEADER = YES;
				CLANG_WARN_RANGE_LOOP_ANALYSIS = YES;
				CLANG_WARN_STRICT_PROTOTYPES = YES;
				CLANG_WARN_SUSPICIOUS_MOVE = YES;
				CLANG_WARN_UNGUARDED_AVAILABILITY = YES_AGGRESSIVE;
				CLANG_WARN_UNREACHABLE_CODE = YES;
				CLANG_WARN__DUPLICATE_METHOD_MATCH = YES;
				COPY_PHASE_STRIP = NO;
				DEBUG_INFORMATION_FORMAT = "dwarf-with-dsym";
				ENABLE_NS_ASSERTIONS = NO;
				ENABLE_STRICT_OBJC_MSGSEND = YES;
				GCC_C_LANGUAGE_STANDARD = gnu11;
				GCC_NO_COMMON_BLOCKS = YES;
				GCC_WARN_64_TO_32_BIT_CONVERSION = YES;
				GCC_WARN_ABOUT_RETURN_TYPE = YES_ERROR;
				GCC_WARN_UNDECLARED_SELECTOR = YES;
				GCC_WARN_UNINITIALIZED_AUTOS = YES_AGGRESSIVE;
				GCC_WARN_UNUSED_FUNCTION = YES;
				GCC_WARN_UNUSED_VARIABLE = YES;
				IPHONEOS_DEPLOYMENT_TARGET = 14.3;
				MTL_ENABLE_DEBUG_INFO = NO;
				MTL_FAST_MATH = YES;
				SDKROOT = iphoneos;
				SWIFT_COMPILATION_MODE = wholemodule;
				SWIFT_OPTIMIZATION_LEVEL = "-O";
				VALIDATE_PRODUCT = YES;
			};
			name = Release;
		};
		C235283C25BE5AA7007B4C19 /* Debug */ = {
			isa = XCBuildConfiguration;
			buildSettings = {
				ASSETCATALOG_COMPILER_APPICON_NAME = AppIcon;
				ASSETCATALOG_COMPILER_GLOBAL_ACCENT_COLOR_NAME = AccentColor;
				CODE_SIGN_STYLE = Automatic;
				DEVELOPMENT_TEAM = 46A8TRH8G6;
				INFOPLIST_FILE = TVApp/Info.plist;
				LD_RUNPATH_SEARCH_PATHS = (
					"$(inherited)",
					"@executable_path/Frameworks",
				);
				PRODUCT_BUNDLE_IDENTIFIER = com.daumkakao.TVApp;
				PRODUCT_NAME = "$(TARGET_NAME)";
				SWIFT_VERSION = 5.0;
				TARGETED_DEVICE_FAMILY = "1,2";
			};
			name = Debug;
		};
		C235283D25BE5AA7007B4C19 /* Release */ = {
			isa = XCBuildConfiguration;
			buildSettings = {
				ASSETCATALOG_COMPILER_APPICON_NAME = AppIcon;
				ASSETCATALOG_COMPILER_GLOBAL_ACCENT_COLOR_NAME = AccentColor;
				CODE_SIGN_STYLE = Automatic;
				DEVELOPMENT_TEAM = 46A8TRH8G6;
				INFOPLIST_FILE = TVApp/Info.plist;
				LD_RUNPATH_SEARCH_PATHS = (
					"$(inherited)",
					"@executable_path/Frameworks",
				);
				PRODUCT_BUNDLE_IDENTIFIER = com.daumkakao.TVApp;
				PRODUCT_NAME = "$(TARGET_NAME)";
				SWIFT_VERSION = 5.0;
				TARGETED_DEVICE_FAMILY = "1,2";
			};
			name = Release;
		};
		C235283F25BE5AA7007B4C19 /* Debug */ = {
			isa = XCBuildConfiguration;
			buildSettings = {
				ALWAYS_EMBED_SWIFT_STANDARD_LIBRARIES = YES;
				BUNDLE_LOADER = "$(TEST_HOST)";
				CODE_SIGN_STYLE = Automatic;
				DEVELOPMENT_TEAM = 46A8TRH8G6;
				INFOPLIST_FILE = TVAppTests/Info.plist;
				IPHONEOS_DEPLOYMENT_TARGET = 14.3;
				LD_RUNPATH_SEARCH_PATHS = (
					"$(inherited)",
					"@executable_path/Frameworks",
					"@loader_path/Frameworks",
				);
				PRODUCT_BUNDLE_IDENTIFIER = com.daumkakao.TVAppTests;
				PRODUCT_NAME = "$(TARGET_NAME)";
				SWIFT_VERSION = 5.0;
				TARGETED_DEVICE_FAMILY = "1,2";
				TEST_HOST = "$(BUILT_PRODUCTS_DIR)/TVApp.app/TVApp";
			};
			name = Debug;
		};
		C235284025BE5AA7007B4C19 /* Release */ = {
			isa = XCBuildConfiguration;
			buildSettings = {
				ALWAYS_EMBED_SWIFT_STANDARD_LIBRARIES = YES;
				BUNDLE_LOADER = "$(TEST_HOST)";
				CODE_SIGN_STYLE = Automatic;
				DEVELOPMENT_TEAM = 46A8TRH8G6;
				INFOPLIST_FILE = TVAppTests/Info.plist;
				IPHONEOS_DEPLOYMENT_TARGET = 14.3;
				LD_RUNPATH_SEARCH_PATHS = (
					"$(inherited)",
					"@executable_path/Frameworks",
					"@loader_path/Frameworks",
				);
				PRODUCT_BUNDLE_IDENTIFIER = com.daumkakao.TVAppTests;
				PRODUCT_NAME = "$(TARGET_NAME)";
				SWIFT_VERSION = 5.0;
				TARGETED_DEVICE_FAMILY = "1,2";
				TEST_HOST = "$(BUILT_PRODUCTS_DIR)/TVApp.app/TVApp";
			};
			name = Release;
		};
		C235284225BE5AA7007B4C19 /* Debug */ = {
			isa = XCBuildConfiguration;
			buildSettings = {
				ALWAYS_EMBED_SWIFT_STANDARD_LIBRARIES = YES;
				CODE_SIGN_STYLE = Automatic;
				DEVELOPMENT_TEAM = 46A8TRH8G6;
				INFOPLIST_FILE = TVAppUITests/Info.plist;
				LD_RUNPATH_SEARCH_PATHS = (
					"$(inherited)",
					"@executable_path/Frameworks",
					"@loader_path/Frameworks",
				);
				PRODUCT_BUNDLE_IDENTIFIER = com.daumkakao.TVAppUITests;
				PRODUCT_NAME = "$(TARGET_NAME)";
				SWIFT_VERSION = 5.0;
				TARGETED_DEVICE_FAMILY = "1,2";
				TEST_TARGET_NAME = TVApp;
			};
			name = Debug;
		};
		C235284325BE5AA7007B4C19 /* Release */ = {
			isa = XCBuildConfiguration;
			buildSettings = {
				ALWAYS_EMBED_SWIFT_STANDARD_LIBRARIES = YES;
				CODE_SIGN_STYLE = Automatic;
				DEVELOPMENT_TEAM = 46A8TRH8G6;
				INFOPLIST_FILE = TVAppUITests/Info.plist;
				LD_RUNPATH_SEARCH_PATHS = (
					"$(inherited)",
					"@executable_path/Frameworks",
					"@loader_path/Frameworks",
				);
				PRODUCT_BUNDLE_IDENTIFIER = com.daumkakao.TVAppUITests;
				PRODUCT_NAME = "$(TARGET_NAME)";
				SWIFT_VERSION = 5.0;
				TARGETED_DEVICE_FAMILY = "1,2";
				TEST_TARGET_NAME = TVApp;
			};
			name = Release;
		};
/* End XCBuildConfiguration section */

/* Begin XCConfigurationList section */
		C235280C25BE5AA6007B4C19 /* Build configuration list for PBXProject "TVApp" */ = {
			isa = XCConfigurationList;
			buildConfigurations = (
				C235283925BE5AA7007B4C19 /* Debug */,
				C235283A25BE5AA7007B4C19 /* Release */,
			);
			defaultConfigurationIsVisible = 0;
			defaultConfigurationName = Release;
		};
		C235283B25BE5AA7007B4C19 /* Build configuration list for PBXNativeTarget "TVApp" */ = {
			isa = XCConfigurationList;
			buildConfigurations = (
				C235283C25BE5AA7007B4C19 /* Debug */,
				C235283D25BE5AA7007B4C19 /* Release */,
			);
			defaultConfigurationIsVisible = 0;
			defaultConfigurationName = Release;
		};
		C235283E25BE5AA7007B4C19 /* Build configuration list for PBXNativeTarget "TVAppTests" */ = {
			isa = XCConfigurationList;
			buildConfigurations = (
				C235283F25BE5AA7007B4C19 /* Debug */,
				C235284025BE5AA7007B4C19 /* Release */,
			);
			defaultConfigurationIsVisible = 0;
			defaultConfigurationName = Release;
		};
		C235284125BE5AA7007B4C19 /* Build configuration list for PBXNativeTarget "TVAppUITests" */ = {
			isa = XCConfigurationList;
			buildConfigurations = (
				C235284225BE5AA7007B4C19 /* Debug */,
				C235284325BE5AA7007B4C19 /* Release */,
			);
			defaultConfigurationIsVisible = 0;
			defaultConfigurationName = Release;
		};
/* End XCConfigurationList section */
	};
	rootObject = C235280925BE5AA6007B4C19 /* Project object */;
}
